
Microsoft Visual Studio Solution File, Format Version 12.00
# Visual Studio Version 16
VisualStudioVersion = 16.0.29306.81
MinimumVisualStudioVersion = 10.0.40219.1
Project("{8BC9CEB8-8B4A-11D0-8D11-00A0C91BC942}") = "MFCXamlIsland01", "MFCXamlIsland01\MFCXamlIsland01.vcxproj", "{06A00835-B3E4-4E4C-9B17-B4F319FA32FA}"
	ProjectSection(ProjectDependencies) = postProject
		{C4B7649D-C389-4F2C-B0B8-B55A08C8133F} = {C4B7649D-C389-4F2C-B0B8-B55A08C8133F}
	EndProjectSection
EndProject
Project("{8BC9CEB8-8B4A-11D0-8D11-00A0C91BC942}") = "MyApp", "MyApp\MyApp.vcxproj", "{C4B7649D-C389-4F2C-B0B8-B55A08C8133F}"
EndProject
Project("{8BC9CEB8-8B4A-11D0-8D11-00A0C91BC942}") = "SampleCppApp", "SampleCppApp\SampleCppApp.vcxproj", "{B8D25E17-F9FC-4DDC-A184-C28FD183DDD3}"
	ProjectSection(ProjectDependencies) = postProject
		{C4B7649D-C389-4F2C-B0B8-B55A08C8133F} = {C4B7649D-C389-4F2C-B0B8-B55A08C8133F}
	EndProjectSection
EndProject
Project("{C7167F0D-BC9F-4E6E-AFE1-012C56B48DB5}") = "SampleCppApp.Package", "SampleCppApp.Package\SampleCppApp.Package.wapproj", "{C0FBAE1A-7950-4347-8DF8-0FA35AEAB5CB}"
	ProjectSection(ProjectDependencies) = postProject
		{C4B7649D-C389-4F2C-B0B8-B55A08C8133F} = {C4B7649D-C389-4F2C-B0B8-B55A08C8133F}
		{B6B66DBA-C720-4407-B490-6AE3FC2870FC} = {B6B66DBA-C720-4407-B490-6AE3FC2870FC}
	EndProjectSection
EndProject
Project("{8BC9CEB8-8B4A-11D0-8D11-00A0C91BC942}") = "SampleUserControl", "SampleUserControl\SampleUserControl.vcxproj", "{B6B66DBA-C720-4407-B490-6AE3FC2870FC}"
EndProject
Project("{2150E333-8FDC-42A3-9474-1A3956D46DE8}") = "Solution Items", "Solution Items", "{8D9D6123-121E-4B2E-AFC0-D68579083636}"
	ProjectSection(SolutionItems) = preProject
		.gitignore = .gitignore
		README.md = README.md
		Solution.props = Solution.props
	EndProjectSection
EndProject
Project("{C7167F0D-BC9F-4E6E-AFE1-012C56B48DB5}") = "WapProjTemplate1", "WapProjTemplate1\WapProjTemplate1.wapproj", "{4A344A2A-1C84-4E0A-92C8-D4D5178216AF}"
EndProject
Project("{8BC9CEB8-8B4A-11D0-8D11-00A0C91BC942}") = "BaseApp", "BaseApp\BaseApp.vcxproj", "{585E7F16-93D6-438F-8BB9-8F4279901C74}"
EndProject
Global
	GlobalSection(SolutionConfigurationPlatforms) = preSolution
		Debug|Any CPU = Debug|Any CPU
		Debug|ARM = Debug|ARM
		Debug|ARM64 = Debug|ARM64
		Debug|x64 = Debug|x64
		Debug|x86 = Debug|x86
		Release|Any CPU = Release|Any CPU
		Release|ARM = Release|ARM
		Release|ARM64 = Release|ARM64
		Release|x64 = Release|x64
		Release|x86 = Release|x86
	EndGlobalSection
	GlobalSection(ProjectConfigurationPlatforms) = postSolution
		{06A00835-B3E4-4E4C-9B17-B4F319FA32FA}.Debug|Any CPU.ActiveCfg = Debug|Win32
		{06A00835-B3E4-4E4C-9B17-B4F319FA32FA}.Debug|Any CPU.Build.0 = Debug|Win32
		{06A00835-B3E4-4E4C-9B17-B4F319FA32FA}.Debug|ARM.ActiveCfg = Debug|Win32
		{06A00835-B3E4-4E4C-9B17-B4F319FA32FA}.Debug|ARM64.ActiveCfg = Debug|Win32
		{06A00835-B3E4-4E4C-9B17-B4F319FA32FA}.Debug|x64.ActiveCfg = Debug|x64
		{06A00835-B3E4-4E4C-9B17-B4F319FA32FA}.Debug|x64.Build.0 = Debug|x64
		{06A00835-B3E4-4E4C-9B17-B4F319FA32FA}.Debug|x86.ActiveCfg = Debug|Win32
		{06A00835-B3E4-4E4C-9B17-B4F319FA32FA}.Debug|x86.Build.0 = Debug|Win32
		{06A00835-B3E4-4E4C-9B17-B4F319FA32FA}.Release|Any CPU.ActiveCfg = Release|Win32
		{06A00835-B3E4-4E4C-9B17-B4F319FA32FA}.Release|ARM.ActiveCfg = Release|Win32
		{06A00835-B3E4-4E4C-9B17-B4F319FA32FA}.Release|ARM64.ActiveCfg = Release|Win32
		{06A00835-B3E4-4E4C-9B17-B4F319FA32FA}.Release|x64.ActiveCfg = Release|x64
		{06A00835-B3E4-4E4C-9B17-B4F319FA32FA}.Release|x64.Build.0 = Release|x64
		{06A00835-B3E4-4E4C-9B17-B4F319FA32FA}.Release|x86.ActiveCfg = Release|Win32
		{06A00835-B3E4-4E4C-9B17-B4F319FA32FA}.Release|x86.Build.0 = Release|Win32
		{C4B7649D-C389-4F2C-B0B8-B55A08C8133F}.Debug|Any CPU.ActiveCfg = Debug|Win32
		{C4B7649D-C389-4F2C-B0B8-B55A08C8133F}.Debug|Any CPU.Build.0 = Debug|Win32
		{C4B7649D-C389-4F2C-B0B8-B55A08C8133F}.Debug|ARM.ActiveCfg = Debug|Win32
		{C4B7649D-C389-4F2C-B0B8-B55A08C8133F}.Debug|ARM64.ActiveCfg = Debug|Win32
		{C4B7649D-C389-4F2C-B0B8-B55A08C8133F}.Debug|x64.ActiveCfg = Debug|x64
		{C4B7649D-C389-4F2C-B0B8-B55A08C8133F}.Debug|x64.Build.0 = Debug|x64
		{C4B7649D-C389-4F2C-B0B8-B55A08C8133F}.Debug|x86.ActiveCfg = Debug|Win32
		{C4B7649D-C389-4F2C-B0B8-B55A08C8133F}.Debug|x86.Build.0 = Debug|Win32
		{C4B7649D-C389-4F2C-B0B8-B55A08C8133F}.Debug|x86.Deploy.0 = Debug|Win32
		{C4B7649D-C389-4F2C-B0B8-B55A08C8133F}.Release|Any CPU.ActiveCfg = Release|Win32
		{C4B7649D-C389-4F2C-B0B8-B55A08C8133F}.Release|ARM.ActiveCfg = Release|Win32
		{C4B7649D-C389-4F2C-B0B8-B55A08C8133F}.Release|ARM64.ActiveCfg = Release|Win32
		{C4B7649D-C389-4F2C-B0B8-B55A08C8133F}.Release|x64.ActiveCfg = Release|x64
		{C4B7649D-C389-4F2C-B0B8-B55A08C8133F}.Release|x64.Build.0 = Release|x64
		{C4B7649D-C389-4F2C-B0B8-B55A08C8133F}.Release|x64.Deploy.0 = Release|x64
		{C4B7649D-C389-4F2C-B0B8-B55A08C8133F}.Release|x86.ActiveCfg = Release|Win32
		{C4B7649D-C389-4F2C-B0B8-B55A08C8133F}.Release|x86.Build.0 = Release|Win32
		{C4B7649D-C389-4F2C-B0B8-B55A08C8133F}.Release|x86.Deploy.0 = Release|Win32
		{B8D25E17-F9FC-4DDC-A184-C28FD183DDD3}.Debug|Any CPU.ActiveCfg = Debug|Win32
		{B8D25E17-F9FC-4DDC-A184-C28FD183DDD3}.Debug|Any CPU.Build.0 = Debug|Win32
		{B8D25E17-F9FC-4DDC-A184-C28FD183DDD3}.Debug|ARM.ActiveCfg = Debug|Win32
		{B8D25E17-F9FC-4DDC-A184-C28FD183DDD3}.Debug|ARM64.ActiveCfg = Debug|Win32
		{B8D25E17-F9FC-4DDC-A184-C28FD183DDD3}.Debug|x64.ActiveCfg = Debug|x64
		{B8D25E17-F9FC-4DDC-A184-C28FD183DDD3}.Debug|x64.Build.0 = Debug|x64
		{B8D25E17-F9FC-4DDC-A184-C28FD183DDD3}.Debug|x86.ActiveCfg = Debug|Win32
		{B8D25E17-F9FC-4DDC-A184-C28FD183DDD3}.Debug|x86.Build.0 = Debug|Win32
		{B8D25E17-F9FC-4DDC-A184-C28FD183DDD3}.Release|Any CPU.ActiveCfg = Release|Win32
		{B8D25E17-F9FC-4DDC-A184-C28FD183DDD3}.Release|ARM.ActiveCfg = Release|Win32
		{B8D25E17-F9FC-4DDC-A184-C28FD183DDD3}.Release|ARM64.ActiveCfg = Release|Win32
		{B8D25E17-F9FC-4DDC-A184-C28FD183DDD3}.Release|x64.ActiveCfg = Release|x64
		{B8D25E17-F9FC-4DDC-A184-C28FD183DDD3}.Release|x64.Build.0 = Release|x64
		{B8D25E17-F9FC-4DDC-A184-C28FD183DDD3}.Release|x86.ActiveCfg = Release|Win32
		{B8D25E17-F9FC-4DDC-A184-C28FD183DDD3}.Release|x86.Build.0 = Release|Win32
		{C0FBAE1A-7950-4347-8DF8-0FA35AEAB5CB}.Debug|Any CPU.ActiveCfg = Debug|x86
		{C0FBAE1A-7950-4347-8DF8-0FA35AEAB5CB}.Debug|ARM.ActiveCfg = Debug|x86
		{C0FBAE1A-7950-4347-8DF8-0FA35AEAB5CB}.Debug|ARM64.ActiveCfg = Debug|x86
		{C0FBAE1A-7950-4347-8DF8-0FA35AEAB5CB}.Debug|x64.ActiveCfg = Debug|x64
		{C0FBAE1A-7950-4347-8DF8-0FA35AEAB5CB}.Debug|x64.Build.0 = Debug|x64
		{C0FBAE1A-7950-4347-8DF8-0FA35AEAB5CB}.Debug|x64.Deploy.0 = Debug|x64
		{C0FBAE1A-7950-4347-8DF8-0FA35AEAB5CB}.Debug|x86.ActiveCfg = Debug|x86
		{C0FBAE1A-7950-4347-8DF8-0FA35AEAB5CB}.Debug|x86.Build.0 = Debug|x86
		{C0FBAE1A-7950-4347-8DF8-0FA35AEAB5CB}.Debug|x86.Deploy.0 = Debug|x86
		{C0FBAE1A-7950-4347-8DF8-0FA35AEAB5CB}.Release|Any CPU.ActiveCfg = Release|x86
		{C0FBAE1A-7950-4347-8DF8-0FA35AEAB5CB}.Release|ARM.ActiveCfg = Release|x86
		{C0FBAE1A-7950-4347-8DF8-0FA35AEAB5CB}.Release|ARM64.ActiveCfg = Release|x86
		{C0FBAE1A-7950-4347-8DF8-0FA35AEAB5CB}.Release|x64.ActiveCfg = Release|x64
		{C0FBAE1A-7950-4347-8DF8-0FA35AEAB5CB}.Release|x64.Build.0 = Release|x64
		{C0FBAE1A-7950-4347-8DF8-0FA35AEAB5CB}.Release|x64.Deploy.0 = Release|x64
		{C0FBAE1A-7950-4347-8DF8-0FA35AEAB5CB}.Release|x86.ActiveCfg = Release|x86
		{C0FBAE1A-7950-4347-8DF8-0FA35AEAB5CB}.Release|x86.Build.0 = Release|x86
		{C0FBAE1A-7950-4347-8DF8-0FA35AEAB5CB}.Release|x86.Deploy.0 = Release|x86
		{B6B66DBA-C720-4407-B490-6AE3FC2870FC}.Debug|Any CPU.ActiveCfg = Debug|Win32
		{B6B66DBA-C720-4407-B490-6AE3FC2870FC}.Debug|Any CPU.Build.0 = Debug|Win32
		{B6B66DBA-C720-4407-B490-6AE3FC2870FC}.Debug|ARM.ActiveCfg = Debug|Win32
		{B6B66DBA-C720-4407-B490-6AE3FC2870FC}.Debug|ARM64.ActiveCfg = Debug|Win32
		{B6B66DBA-C720-4407-B490-6AE3FC2870FC}.Debug|x64.ActiveCfg = Debug|x64
		{B6B66DBA-C720-4407-B490-6AE3FC2870FC}.Debug|x64.Build.0 = Debug|x64
		{B6B66DBA-C720-4407-B490-6AE3FC2870FC}.Debug|x86.ActiveCfg = Debug|Win32
		{B6B66DBA-C720-4407-B490-6AE3FC2870FC}.Debug|x86.Build.0 = Debug|Win32
		{B6B66DBA-C720-4407-B490-6AE3FC2870FC}.Release|Any CPU.ActiveCfg = Release|Win32
		{B6B66DBA-C720-4407-B490-6AE3FC2870FC}.Release|ARM.ActiveCfg = Release|Win32
		{B6B66DBA-C720-4407-B490-6AE3FC2870FC}.Release|ARM64.ActiveCfg = Release|Win32
		{B6B66DBA-C720-4407-B490-6AE3FC2870FC}.Release|x64.ActiveCfg = Release|x64
		{B6B66DBA-C720-4407-B490-6AE3FC2870FC}.Release|x64.Build.0 = Release|x64
		{B6B66DBA-C720-4407-B490-6AE3FC2870FC}.Release|x86.ActiveCfg = Release|Win32
		{B6B66DBA-C720-4407-B490-6AE3FC2870FC}.Release|x86.Build.0 = Release|Win32
		{4A344A2A-1C84-4E0A-92C8-D4D5178216AF}.Debug|Any CPU.ActiveCfg = Debug|Any CPU
		{4A344A2A-1C84-4E0A-92C8-D4D5178216AF}.Debug|Any CPU.Build.0 = Debug|Any CPU
		{4A344A2A-1C84-4E0A-92C8-D4D5178216AF}.Debug|Any CPU.Deploy.0 = Debug|Any CPU
		{4A344A2A-1C84-4E0A-92C8-D4D5178216AF}.Debug|ARM.ActiveCfg = Debug|ARM
		{4A344A2A-1C84-4E0A-92C8-D4D5178216AF}.Debug|ARM.Build.0 = Debug|ARM
		{4A344A2A-1C84-4E0A-92C8-D4D5178216AF}.Debug|ARM.Deploy.0 = Debug|ARM
		{4A344A2A-1C84-4E0A-92C8-D4D5178216AF}.Debug|ARM64.ActiveCfg = Debug|ARM64
		{4A344A2A-1C84-4E0A-92C8-D4D5178216AF}.Debug|ARM64.Build.0 = Debug|ARM64
		{4A344A2A-1C84-4E0A-92C8-D4D5178216AF}.Debug|ARM64.Deploy.0 = Debug|ARM64
		{4A344A2A-1C84-4E0A-92C8-D4D5178216AF}.Debug|x64.ActiveCfg = Debug|x64
		{4A344A2A-1C84-4E0A-92C8-D4D5178216AF}.Debug|x64.Build.0 = Debug|x64
		{4A344A2A-1C84-4E0A-92C8-D4D5178216AF}.Debug|x64.Deploy.0 = Debug|x64
		{4A344A2A-1C84-4E0A-92C8-D4D5178216AF}.Debug|x86.ActiveCfg = Debug|x86
		{4A344A2A-1C84-4E0A-92C8-D4D5178216AF}.Debug|x86.Build.0 = Debug|x86
		{4A344A2A-1C84-4E0A-92C8-D4D5178216AF}.Debug|x86.Deploy.0 = Debug|x86
		{4A344A2A-1C84-4E0A-92C8-D4D5178216AF}.Release|Any CPU.ActiveCfg = Release|Any CPU
		{4A344A2A-1C84-4E0A-92C8-D4D5178216AF}.Release|Any CPU.Build.0 = Release|Any CPU
		{4A344A2A-1C84-4E0A-92C8-D4D5178216AF}.Release|Any CPU.Deploy.0 = Release|Any CPU
		{4A344A2A-1C84-4E0A-92C8-D4D5178216AF}.Release|ARM.ActiveCfg = Release|ARM
		{4A344A2A-1C84-4E0A-92C8-D4D5178216AF}.Release|ARM.Build.0 = Release|ARM
		{4A344A2A-1C84-4E0A-92C8-D4D5178216AF}.Release|ARM.Deploy.0 = Release|ARM
		{4A344A2A-1C84-4E0A-92C8-D4D5178216AF}.Release|ARM64.ActiveCfg = Release|ARM64
		{4A344A2A-1C84-4E0A-92C8-D4D5178216AF}.Release|ARM64.Build.0 = Release|ARM64
		{4A344A2A-1C84-4E0A-92C8-D4D5178216AF}.Release|ARM64.Deploy.0 = Release|ARM64
		{4A344A2A-1C84-4E0A-92C8-D4D5178216AF}.Release|x64.ActiveCfg = Release|x64
		{4A344A2A-1C84-4E0A-92C8-D4D5178216AF}.Release|x64.Build.0 = Release|x64
		{4A344A2A-1C84-4E0A-92C8-D4D5178216AF}.Release|x64.Deploy.0 = Release|x64
		{4A344A2A-1C84-4E0A-92C8-D4D5178216AF}.Release|x86.ActiveCfg = Release|x86
		{4A344A2A-1C84-4E0A-92C8-D4D5178216AF}.Release|x86.Build.0 = Release|x86
		{4A344A2A-1C84-4E0A-92C8-D4D5178216AF}.Release|x86.Deploy.0 = Release|x86
		{585E7F16-93D6-438F-8BB9-8F4279901C74}.Debug|Any CPU.ActiveCfg = Debug|Win32
		{585E7F16-93D6-438F-8BB9-8F4279901C74}.Debug|ARM.ActiveCfg = Debug|ARM
		{585E7F16-93D6-438F-8BB9-8F4279901C74}.Debug|ARM.Build.0 = Debug|ARM
		{585E7F16-93D6-438F-8BB9-8F4279901C74}.Debug|ARM.Deploy.0 = Debug|ARM
		{585E7F16-93D6-438F-8BB9-8F4279901C74}.Debug|ARM64.ActiveCfg = Debug|Win32
		{585E7F16-93D6-438F-8BB9-8F4279901C74}.Debug|x64.ActiveCfg = Debug|x64
		{585E7F16-93D6-438F-8BB9-8F4279901C74}.Debug|x64.Build.0 = Debug|x64
		{585E7F16-93D6-438F-8BB9-8F4279901C74}.Debug|x64.Deploy.0 = Debug|x64
		{585E7F16-93D6-438F-8BB9-8F4279901C74}.Debug|x86.ActiveCfg = Debug|Win32
		{585E7F16-93D6-438F-8BB9-8F4279901C74}.Debug|x86.Build.0 = Debug|Win32
		{585E7F16-93D6-438F-8BB9-8F4279901C74}.Debug|x86.Deploy.0 = Debug|Win32
		{585E7F16-93D6-438F-8BB9-8F4279901C74}.Release|Any CPU.ActiveCfg = Release|Win32
		{585E7F16-93D6-438F-8BB9-8F4279901C74}.Release|ARM.ActiveCfg = Release|ARM
		{585E7F16-93D6-438F-8BB9-8F4279901C74}.Release|ARM.Build.0 = Release|ARM
		{585E7F16-93D6-438F-8BB9-8F4279901C74}.Release|ARM.Deploy.0 = Release|ARM
		{585E7F16-93D6-438F-8BB9-8F4279901C74}.Release|ARM64.ActiveCfg = Release|Win32
		{585E7F16-93D6-438F-8BB9-8F4279901C74}.Release|x64.ActiveCfg = Release|x64
		{585E7F16-93D6-438F-8BB9-8F4279901C74}.Release|x64.Build.0 = Release|x64
		{585E7F16-93D6-438F-8BB9-8F4279901C74}.Release|x64.Deploy.0 = Release|x64
		{585E7F16-93D6-438F-8BB9-8F4279901C74}.Release|x86.ActiveCfg = Release|Win32
		{585E7F16-93D6-438F-8BB9-8F4279901C74}.Release|x86.Build.0 = Release|Win32
		{585E7F16-93D6-438F-8BB9-8F4279901C74}.Release|x86.Deploy.0 = Release|Win32
	EndGlobalSection
	GlobalSection(SolutionProperties) = preSolution
		HideSolutionNode = FALSE
	EndGlobalSection
	GlobalSection(ExtensibilityGlobals) = postSolution
		SolutionGuid = {CF36CFC1-8C4B-49BC-9C25-B609D461F1A8}
	EndGlobalSection
EndGlobal
